// !$*UTF8*$!
{
	archiveVersion = 1;
	classes = {
	};
	objectVersion = 46;
	objects = {

/* Begin PBXBuildFile section */
		D923B0C71721D4A000E7A34C /* CEStartPageViewController.m in Sources */ = {isa = PBXBuildFile; fileRef = D923B0C61721D4A000E7A34C /* CEStartPageViewController.m */; };
		D93458F11723E4DB00CF4158 /* dust_@2X.png in Resources */ = {isa = PBXBuildFile; fileRef = D93458EF1723E4DB00CF4158 /* dust_@2X.png */; };
		D93458F21723E4DB00CF4158 /* dust.png in Resources */ = {isa = PBXBuildFile; fileRef = D93458F01723E4DB00CF4158 /* dust.png */; };
		D94ECE4F1701A55F006EB9F0 /* Icon-72.png in Resources */ = {isa = PBXBuildFile; fileRef = D94ECE451701A55F006EB9F0 /* Icon-72.png */; };
		D94ECE501701A55F006EB9F0 /* Icon-72@2x.png in Resources */ = {isa = PBXBuildFile; fileRef = D94ECE461701A55F006EB9F0 /* Icon-72@2x.png */; };
		D94ECE511701A55F006EB9F0 /* Icon-Small-50.png in Resources */ = {isa = PBXBuildFile; fileRef = D94ECE471701A55F006EB9F0 /* Icon-Small-50.png */; };
		D94ECE521701A55F006EB9F0 /* Icon-Small-50@2x.png in Resources */ = {isa = PBXBuildFile; fileRef = D94ECE481701A55F006EB9F0 /* Icon-Small-50@2x.png */; };
		D94ECE531701A55F006EB9F0 /* Icon-Small.png in Resources */ = {isa = PBXBuildFile; fileRef = D94ECE491701A55F006EB9F0 /* Icon-Small.png */; };
		D94ECE541701A55F006EB9F0 /* Icon-Small@2x.png in Resources */ = {isa = PBXBuildFile; fileRef = D94ECE4A1701A55F006EB9F0 /* Icon-Small@2x.png */; };
		D94ECE551701A55F006EB9F0 /* Icon.png in Resources */ = {isa = PBXBuildFile; fileRef = D94ECE4B1701A55F006EB9F0 /* Icon.png */; };
		D94ECE561701A55F006EB9F0 /* Icon@2x.png in Resources */ = {isa = PBXBuildFile; fileRef = D94ECE4C1701A55F006EB9F0 /* Icon@2x.png */; };
		D94ECE571701A55F006EB9F0 /* iTunesArtwork.png in Resources */ = {isa = PBXBuildFile; fileRef = D94ECE4D1701A55F006EB9F0 /* iTunesArtwork.png */; };
		D94ECE581701A55F006EB9F0 /* iTunesArtwork@2x.png in Resources */ = {isa = PBXBuildFile; fileRef = D94ECE4E1701A55F006EB9F0 /* iTunesArtwork@2x.png */; };
		D993D6CD172326CB00B54733 /* icon_201.png in Resources */ = {isa = PBXBuildFile; fileRef = D993D6CA172326CB00B54733 /* icon_201.png */; };
		D993D6CE172326CB00B54733 /* icon_273.png in Resources */ = {isa = PBXBuildFile; fileRef = D993D6CB172326CB00B54733 /* icon_273.png */; };
		D993D6CF172326CB00B54733 /* icon_300.png in Resources */ = {isa = PBXBuildFile; fileRef = D993D6CC172326CB00B54733 /* icon_300.png */; };
		D993D6D31723272D00B54733 /* icon_201@2x.png in Resources */ = {isa = PBXBuildFile; fileRef = D993D6D01723272D00B54733 /* icon_201@2x.png */; };
		D993D6D41723272D00B54733 /* icon_273@2x.png in Resources */ = {isa = PBXBuildFile; fileRef = D993D6D11723272D00B54733 /* icon_273@2x.png */; };
		D993D6D51723272D00B54733 /* icon_300@2x.png in Resources */ = {isa = PBXBuildFile; fileRef = D993D6D21723272D00B54733 /* icon_300@2x.png */; };
		D9B6CC67172334BF0008B255 /* grid_@2X.png in Resources */ = {isa = PBXBuildFile; fileRef = D9B6CC65172334BF0008B255 /* grid_@2X.png */; };
		D9B6CC68172334BF0008B255 /* grid.png in Resources */ = {isa = PBXBuildFile; fileRef = D9B6CC66172334BF0008B255 /* grid.png */; };
		D9C121E91731AD7F00459097 /* icon_180.png in Resources */ = {isa = PBXBuildFile; fileRef = D9C121DD1731AD7F00459097 /* icon_180.png */; };
		D9C121EA1731AD7F00459097 /* icon_181.png in Resources */ = {isa = PBXBuildFile; fileRef = D9C121DE1731AD7F00459097 /* icon_181.png */; };
		D9C121EB1731AD7F00459097 /* icon_182.png in Resources */ = {isa = PBXBuildFile; fileRef = D9C121DF1731AD7F00459097 /* icon_182.png */; };
		D9C121EC1731AD7F00459097 /* icon_183.png in Resources */ = {isa = PBXBuildFile; fileRef = D9C121E01731AD7F00459097 /* icon_183.png */; };
		D9C121ED1731AD7F00459097 /* icon_186.png in Resources */ = {isa = PBXBuildFile; fileRef = D9C121E11731AD7F00459097 /* icon_186.png */; };
		D9C121EE1731AD7F00459097 /* icon_237.png in Resources */ = {isa = PBXBuildFile; fileRef = D9C121E21731AD7F00459097 /* icon_237.png */; };
		D9C121EF1731AD7F00459097 /* icon_274.png in Resources */ = {isa = PBXBuildFile; fileRef = D9C121E31731AD7F00459097 /* icon_274.png */; };
		D9C121F01731AD7F00459097 /* icon_275.png in Resources */ = {isa = PBXBuildFile; fileRef = D9C121E41731AD7F00459097 /* icon_275.png */; };
		D9C121F11731AD7F00459097 /* icon_284.png in Resources */ = {isa = PBXBuildFile; fileRef = D9C121E51731AD7F00459097 /* icon_284.png */; };
		D9C121F21731AD7F00459097 /* icon_285.png in Resources */ = {isa = PBXBuildFile; fileRef = D9C121E61731AD7F00459097 /* icon_285.png */; };
		D9C121F31731AD7F00459097 /* icon_286.png in Resources */ = {isa = PBXBuildFile; fileRef = D9C121E71731AD7F00459097 /* icon_286.png */; };
		D9C121F41731AD7F00459097 /* icon_289.png in Resources */ = {isa = PBXBuildFile; fileRef = D9C121E81731AD7F00459097 /* icon_289.png */; };
		D9C122011731AE1A00459097 /* icon_180@2x.png in Resources */ = {isa = PBXBuildFile; fileRef = D9C121F51731AE1A00459097 /* icon_180@2x.png */; };
		D9C122021731AE1A00459097 /* icon_181@2x.png in Resources */ = {isa = PBXBuildFile; fileRef = D9C121F61731AE1A00459097 /* icon_181@2x.png */; };
		D9C122031731AE1A00459097 /* icon_182@2x.png in Resources */ = {isa = PBXBuildFile; fileRef = D9C121F71731AE1A00459097 /* icon_182@2x.png */; };
		D9C122041731AE1A00459097 /* icon_183@2x.png in Resources */ = {isa = PBXBuildFile; fileRef = D9C121F81731AE1A00459097 /* icon_183@2x.png */; };
		D9C122051731AE1A00459097 /* icon_186@2x.png in Resources */ = {isa = PBXBuildFile; fileRef = D9C121F91731AE1A00459097 /* icon_186@2x.png */; };
		D9C122061731AE1A00459097 /* icon_237@2x.png in Resources */ = {isa = PBXBuildFile; fileRef = D9C121FA1731AE1A00459097 /* icon_237@2x.png */; };
		D9C122071731AE1A00459097 /* icon_274@2x.png in Resources */ = {isa = PBXBuildFile; fileRef = D9C121FB1731AE1A00459097 /* icon_274@2x.png */; };
		D9C122081731AE1A00459097 /* icon_275@2x.png in Resources */ = {isa = PBXBuildFile; fileRef = D9C121FC1731AE1A00459097 /* icon_275@2x.png */; };
		D9C122091731AE1A00459097 /* icon_284@2x.png in Resources */ = {isa = PBXBuildFile; fileRef = D9C121FD1731AE1A00459097 /* icon_284@2x.png */; };
		D9C1220A1731AE1A00459097 /* icon_285@2x.png in Resources */ = {isa = PBXBuildFile; fileRef = D9C121FE1731AE1A00459097 /* icon_285@2x.png */; };
		D9C1220B1731AE1A00459097 /* icon_286@2x.png in Resources */ = {isa = PBXBuildFile; fileRef = D9C121FF1731AE1A00459097 /* icon_286@2x.png */; };
		D9C1220C1731AE1A00459097 /* icon_289@2x.png in Resources */ = {isa = PBXBuildFile; fileRef = D9C122001731AE1A00459097 /* icon_289@2x.png */; };
		D9C1220F1731C1E500459097 /* icon_222.png in Resources */ = {isa = PBXBuildFile; fileRef = D9C1220D1731C1E500459097 /* icon_222.png */; };
		D9C122101731C1E500459097 /* icon_223.png in Resources */ = {isa = PBXBuildFile; fileRef = D9C1220E1731C1E500459097 /* icon_223.png */; };
		D9C122131731C21300459097 /* icon_222@2x.png in Resources */ = {isa = PBXBuildFile; fileRef = D9C122111731C21300459097 /* icon_222@2x.png */; };
		D9C122141731C21300459097 /* icon_223@2x.png in Resources */ = {isa = PBXBuildFile; fileRef = D9C122121731C21300459097 /* icon_223@2x.png */; };
		D9C1221717358DCA00459097 /* icon_180green.png in Resources */ = {isa = PBXBuildFile; fileRef = D9C1221517358DCA00459097 /* icon_180green.png */; };
		D9C1221817358DCA00459097 /* icon_180green@2x.png in Resources */ = {isa = PBXBuildFile; fileRef = D9C1221617358DCA00459097 /* icon_180green@2x.png */; };
		F20AD76A172E6C9F0091D117 /* searchCell.xib in Resources */ = {isa = PBXBuildFile; fileRef = F20AD769172E6C9F0091D117 /* searchCell.xib */; };
		F20B326016D0094C00B70559 /* UIKit.framework in Frameworks */ = {isa = PBXBuildFile; fileRef = F20B325F16D0094C00B70559 /* UIKit.framework */; };
		F20B326216D0094C00B70559 /* Foundation.framework in Frameworks */ = {isa = PBXBuildFile; fileRef = F20B326116D0094C00B70559 /* Foundation.framework */; };
		F20B326416D0094C00B70559 /* CoreGraphics.framework in Frameworks */ = {isa = PBXBuildFile; fileRef = F20B326316D0094C00B70559 /* CoreGraphics.framework */; };
		F20B326616D0094C00B70559 /* CoreData.framework in Frameworks */ = {isa = PBXBuildFile; fileRef = F20B326516D0094C00B70559 /* CoreData.framework */; };
		F20B326C16D0094C00B70559 /* InfoPlist.strings in Resources */ = {isa = PBXBuildFile; fileRef = F20B326A16D0094C00B70559 /* InfoPlist.strings */; };
		F20B326E16D0094C00B70559 /* main.m in Sources */ = {isa = PBXBuildFile; fileRef = F20B326D16D0094C00B70559 /* main.m */; };
		F20B327216D0094C00B70559 /* CEAppDelegate.m in Sources */ = {isa = PBXBuildFile; fileRef = F20B327116D0094C00B70559 /* CEAppDelegate.m */; };
		F20B327416D0094C00B70559 /* Default.png in Resources */ = {isa = PBXBuildFile; fileRef = F20B327316D0094C00B70559 /* Default.png */; };
		F20B327616D0094C00B70559 /* Default@2x.png in Resources */ = {isa = PBXBuildFile; fileRef = F20B327516D0094C00B70559 /* Default@2x.png */; };
		F20B327B16D0094C00B70559 /* CommonExpensesApp.xcdatamodeld in Sources */ = {isa = PBXBuildFile; fileRef = F20B327916D0094C00B70559 /* CommonExpensesApp.xcdatamodeld */; };
		F21625C116F4F85200324637 /* Friend.m in Sources */ = {isa = PBXBuildFile; fileRef = F21625C016F4F85200324637 /* Friend.m */; };
		F21625C716F5D62900324637 /* MFSideMenu.m in Sources */ = {isa = PBXBuildFile; fileRef = F21625C416F5D62900324637 /* MFSideMenu.m */; };
		F21625C816F5D62900324637 /* UINavigationController+MFSideMenu.m in Sources */ = {isa = PBXBuildFile; fileRef = F21625C616F5D62900324637 /* UINavigationController+MFSideMenu.m */; };
		F21625CB16F6004600324637 /* CESettingsViewController.m in Sources */ = {isa = PBXBuildFile; fileRef = F21625CA16F6004600324637 /* CESettingsViewController.m */; };
		F22A03C01723EBC9000D0EFB /* CEPasswordResetViewController.m in Sources */ = {isa = PBXBuildFile; fileRef = F22A03BF1723EBC9000D0EFB /* CEPasswordResetViewController.m */; };
		F2364B01172811F500257196 /* dropdown_bg.png in Resources */ = {isa = PBXBuildFile; fileRef = F2364AFD172811F500257196 /* dropdown_bg.png */; };
		F2364B02172811F500257196 /* dropdown_bg@2x.png in Resources */ = {isa = PBXBuildFile; fileRef = F2364AFE172811F500257196 /* dropdown_bg@2x.png */; };
		F2364B03172811F500257196 /* LHDropDownControlView.m in Sources */ = {isa = PBXBuildFile; fileRef = F2364B00172811F500257196 /* LHDropDownControlView.m */; };
		F2364B05172812CE00257196 /* QuartzCore.framework in Frameworks */ = {isa = PBXBuildFile; fileRef = F2364B04172812CE00257196 /* QuartzCore.framework */; };
		F2364B141729314D00257196 /* arrow.png in Resources */ = {isa = PBXBuildFile; fileRef = F2364B131729314D00257196 /* arrow.png */; };
		F2513545170997A400800E55 /* HistoryRecord.m in Sources */ = {isa = PBXBuildFile; fileRef = F2513544170997A400800E55 /* HistoryRecord.m */; };
		F25E136416DFAB1E0086DE2B /* CELogin.m in Sources */ = {isa = PBXBuildFile; fileRef = F25E136316DFAB1E0086DE2B /* CELogin.m */; };
		F25E136716DFB15C0086DE2B /* CERequestHandler.m in Sources */ = {isa = PBXBuildFile; fileRef = F25E136616DFB15C0086DE2B /* CERequestHandler.m */; };
		F25E136A16DFCFDC0086DE2B /* CEConstants.m in Sources */ = {isa = PBXBuildFile; fileRef = F25E136916DFCFDC0086DE2B /* CEConstants.m */; };
		F26293CD16F4E5A6002E0933 /* CESelfStatisticsViewController.m in Sources */ = {isa = PBXBuildFile; fileRef = F26293CC16F4E5A6002E0933 /* CESelfStatisticsViewController.m */; };
		F26CFAB8172E7D6A007DA4FC /* CESearchViewController.m in Sources */ = {isa = PBXBuildFile; fileRef = F26CFAB7172E7D6A007DA4FC /* CESearchViewController.m */; };
		F26CFABA172E7F4A007DA4FC /* clear.xib in Resources */ = {isa = PBXBuildFile; fileRef = F26CFAB9172E7F4A007DA4FC /* clear.xib */; };
		F2720FE91704A48E00A16090 /* addDataCell.xib in Resources */ = {isa = PBXBuildFile; fileRef = F2720FE81704A48E00A16090 /* addDataCell.xib */; };
		F286CE1F16EE366400E7FBEC /* CEHomeViewController.m in Sources */ = {isa = PBXBuildFile; fileRef = F286CE1E16EE366400E7FBEC /* CEHomeViewController.m */; };
		F286CE2216F0ED3E00E7FBEC /* SideMenuViewController.m in Sources */ = {isa = PBXBuildFile; fileRef = F286CE2116F0ED3E00E7FBEC /* SideMenuViewController.m */; };
		F286CE6016F111E600E7FBEC /* back-arrow.png in Resources */ = {isa = PBXBuildFile; fileRef = F286CE5B16F111E600E7FBEC /* back-arrow.png */; };
		F286CE6116F111E600E7FBEC /* back-arrow@2x.png in Resources */ = {isa = PBXBuildFile; fileRef = F286CE5C16F111E600E7FBEC /* back-arrow@2x.png */; };
		F286CE6216F111E600E7FBEC /* Default-568h@2x.png in Resources */ = {isa = PBXBuildFile; fileRef = F286CE5D16F111E600E7FBEC /* Default-568h@2x.png */; };
		F286CE6316F111E600E7FBEC /* menu-icon.png in Resources */ = {isa = PBXBuildFile; fileRef = F286CE5E16F111E600E7FBEC /* menu-icon.png */; };
		F286CE6416F111E600E7FBEC /* menu-icon@2x.png in Resources */ = {isa = PBXBuildFile; fileRef = F286CE5F16F111E600E7FBEC /* menu-icon@2x.png */; };
		F286CE7D16F1E29400E7FBEC /* UserSettings.m in Sources */ = {isa = PBXBuildFile; fileRef = F286CE7C16F1E29400E7FBEC /* UserSettings.m */; };
		F286CE8016F1E29400E7FBEC /* StartupInfo.m in Sources */ = {isa = PBXBuildFile; fileRef = F286CE7F16F1E29400E7FBEC /* StartupInfo.m */; };
		F286CE8916F1E29400E7FBEC /* User.m in Sources */ = {isa = PBXBuildFile; fileRef = F286CE8816F1E29400E7FBEC /* User.m */; };
		F286CE8F16F20E0E00E7FBEC /* CEAddCircleViewController.m in Sources */ = {isa = PBXBuildFile; fileRef = F286CE8E16F20E0D00E7FBEC /* CEAddCircleViewController.m */; };
		F286CEA016F22B1A00E7FBEC /* CEUser.m in Sources */ = {isa = PBXBuildFile; fileRef = F286CE9F16F22B1A00E7FBEC /* CEUser.m */; };
		F28B06EC16F71C050050145F /* CESynchManager.m in Sources */ = {isa = PBXBuildFile; fileRef = F28B06EB16F71C050050145F /* CESynchManager.m */; };
		F28B9CAD16FC870C00CA6FBB /* DeletedCircles.m in Sources */ = {isa = PBXBuildFile; fileRef = F28B9CAC16FC870C00CA6FBB /* DeletedCircles.m */; };
		F28E46F317232F7800B485CB /* FacebookSDK.framework in Frameworks */ = {isa = PBXBuildFile; fileRef = F28E46F217232F7800B485CB /* FacebookSDK.framework */; };
		F28E46F517232F8500B485CB /* FacebookSDKResources.bundle in Resources */ = {isa = PBXBuildFile; fileRef = F28E46F417232F8500B485CB /* FacebookSDKResources.bundle */; };
		F291EAD116D2B55B006C3BD6 /* Storyboard.storyboard in Resources */ = {isa = PBXBuildFile; fileRef = F291EAD016D2B55B006C3BD6 /* Storyboard.storyboard */; };
		F291EAD416D2B5C9006C3BD6 /* CESignUp.m in Sources */ = {isa = PBXBuildFile; fileRef = F291EAD316D2B5C9006C3BD6 /* CESignUp.m */; };
		F2956A5E16E535E8002128E6 /* CEDBConnector.m in Sources */ = {isa = PBXBuildFile; fileRef = F2956A5D16E535E8002128E6 /* CEDBConnector.m */; };
		F2B70D4D170A0D6E00A1C76B /* CEHistoryViewController.m in Sources */ = {isa = PBXBuildFile; fileRef = F2B70D4C170A0D6E00A1C76B /* CEHistoryViewController.m */; };
		F2BFDC0017246EAA003BE6CA /* CEView.m in Sources */ = {isa = PBXBuildFile; fileRef = F2BFDBFF17246EAA003BE6CA /* CEView.m */; };
		F2DA877D172D3FA700F90D7C /* CircleDefinition.m in Sources */ = {isa = PBXBuildFile; fileRef = F2DA877C172D3FA700F90D7C /* CircleDefinition.m */; };
		F2DD808A1724151C00ADFC02 /* CEKeyboardScroll.m in Sources */ = {isa = PBXBuildFile; fileRef = F2DD80891724151C00ADFC02 /* CEKeyboardScroll.m */; };
		F2DD808D17244DD900ADFC02 /* CEFBHandler.m in Sources */ = {isa = PBXBuildFile; fileRef = F2DD808C17244DD900ADFC02 /* CEFBHandler.m */; };
		F2E31A661722B12C006D36BA /* CETextField.m in Sources */ = {isa = PBXBuildFile; fileRef = F2E31A651722B12C006D36BA /* CETextField.m */; };
		F2E31A6C1722BD22006D36BA /* CEButton.m in Sources */ = {isa = PBXBuildFile; fileRef = F2E31A6B1722BD22006D36BA /* CEButton.m */; };
		F2E31A6F1722BDC5006D36BA /* CELabel.m in Sources */ = {isa = PBXBuildFile; fileRef = F2E31A6E1722BDC4006D36BA /* CELabel.m */; };
		F2E31A7D1722D05C006D36BA /* AdSupport.framework in Frameworks */ = {isa = PBXBuildFile; fileRef = F2E31A7C1722D05C006D36BA /* AdSupport.framework */; };
		F2E31A7F1722D062006D36BA /* Accounts.framework in Frameworks */ = {isa = PBXBuildFile; fileRef = F2E31A7E1722D062006D36BA /* Accounts.framework */; };
		F2E31A811722D08A006D36BA /* libsqlite3.dylib in Frameworks */ = {isa = PBXBuildFile; fileRef = F2E31A801722D08A006D36BA /* libsqlite3.dylib */; };
		F2E31A831722D097006D36BA /* Security.framework in Frameworks */ = {isa = PBXBuildFile; fileRef = F2E31A821722D097006D36BA /* Security.framework */; };
		F2E31A851722D0A1006D36BA /* Social.framework in Frameworks */ = {isa = PBXBuildFile; fileRef = F2E31A841722D0A1006D36BA /* Social.framework */; };
		F2F422EA16E3B49900D55906 /* KeyboardBar.m in Sources */ = {isa = PBXBuildFile; fileRef = F2F422E916E3B49900D55906 /* KeyboardBar.m */; };
		F2FB90EB1704A851009CD45C /* CEFriendHelper.m in Sources */ = {isa = PBXBuildFile; fileRef = F2FB90EA1704A851009CD45C /* CEFriendHelper.m */; };
		F2FF9C67172E62AC00765A59 /* profileCell.xib in Resources */ = {isa = PBXBuildFile; fileRef = F2FF9C66172E62AC00765A59 /* profileCell.xib */; };
		F2FF9C69172E652E00765A59 /* face.png in Resources */ = {isa = PBXBuildFile; fileRef = F2FF9C68172E652E00765A59 /* face.png */; };
/* End PBXBuildFile section */

/* Begin PBXFileReference section */
		D923B0C51721D4A000E7A34C /* CEStartPageViewController.h */ = {isa = PBXFileReference; fileEncoding = 4; lastKnownFileType = sourcecode.c.h; path = CEStartPageViewController.h; sourceTree = "<group>"; };
		D923B0C61721D4A000E7A34C /* CEStartPageViewController.m */ = {isa = PBXFileReference; fileEncoding = 4; lastKnownFileType = sourcecode.c.objc; path = CEStartPageViewController.m; sourceTree = "<group>"; };
		D93458EF1723E4DB00CF4158 /* dust_@2X.png */ = {isa = PBXFileReference; lastKnownFileType = image.png; path = "dust_@2X.png"; sourceTree = "<group>"; };
		D93458F01723E4DB00CF4158 /* dust.png */ = {isa = PBXFileReference; lastKnownFileType = image.png; path = dust.png; sourceTree = "<group>"; };
		D94ECE451701A55F006EB9F0 /* Icon-72.png */ = {isa = PBXFileReference; lastKnownFileType = image.png; path = "Icon-72.png"; sourceTree = "<group>"; };
		D94ECE461701A55F006EB9F0 /* Icon-72@2x.png */ = {isa = PBXFileReference; lastKnownFileType = image.png; path = "Icon-72@2x.png"; sourceTree = "<group>"; };
		D94ECE471701A55F006EB9F0 /* Icon-Small-50.png */ = {isa = PBXFileReference; lastKnownFileType = image.png; path = "Icon-Small-50.png"; sourceTree = "<group>"; };
		D94ECE481701A55F006EB9F0 /* Icon-Small-50@2x.png */ = {isa = PBXFileReference; lastKnownFileType = image.png; path = "Icon-Small-50@2x.png"; sourceTree = "<group>"; };
		D94ECE491701A55F006EB9F0 /* Icon-Small.png */ = {isa = PBXFileReference; lastKnownFileType = image.png; path = "Icon-Small.png"; sourceTree = "<group>"; };
		D94ECE4A1701A55F006EB9F0 /* Icon-Small@2x.png */ = {isa = PBXFileReference; lastKnownFileType = image.png; path = "Icon-Small@2x.png"; sourceTree = "<group>"; };
		D94ECE4B1701A55F006EB9F0 /* Icon.png */ = {isa = PBXFileReference; lastKnownFileType = image.png; path = Icon.png; sourceTree = "<group>"; };
		D94ECE4C1701A55F006EB9F0 /* Icon@2x.png */ = {isa = PBXFileReference; lastKnownFileType = image.png; path = "Icon@2x.png"; sourceTree = "<group>"; };
		D94ECE4D1701A55F006EB9F0 /* iTunesArtwork.png */ = {isa = PBXFileReference; lastKnownFileType = image.png; path = iTunesArtwork.png; sourceTree = "<group>"; };
		D94ECE4E1701A55F006EB9F0 /* iTunesArtwork@2x.png */ = {isa = PBXFileReference; lastKnownFileType = image.png; path = "iTunesArtwork@2x.png"; sourceTree = "<group>"; };
		D993D6CA172326CB00B54733 /* icon_201.png */ = {isa = PBXFileReference; lastKnownFileType = image.png; path = icon_201.png; sourceTree = "<group>"; };
		D993D6CB172326CB00B54733 /* icon_273.png */ = {isa = PBXFileReference; lastKnownFileType = image.png; path = icon_273.png; sourceTree = "<group>"; };
		D993D6CC172326CB00B54733 /* icon_300.png */ = {isa = PBXFileReference; lastKnownFileType = image.png; path = icon_300.png; sourceTree = "<group>"; };
		D993D6D01723272D00B54733 /* icon_201@2x.png */ = {isa = PBXFileReference; lastKnownFileType = image.png; path = "icon_201@2x.png"; sourceTree = "<group>"; };
		D993D6D11723272D00B54733 /* icon_273@2x.png */ = {isa = PBXFileReference; lastKnownFileType = image.png; path = "icon_273@2x.png"; sourceTree = "<group>"; };
		D993D6D21723272D00B54733 /* icon_300@2x.png */ = {isa = PBXFileReference; lastKnownFileType = image.png; path = "icon_300@2x.png"; sourceTree = "<group>"; };
		D9B6CC65172334BF0008B255 /* grid_@2X.png */ = {isa = PBXFileReference; lastKnownFileType = image.png; path = "grid_@2X.png"; sourceTree = "<group>"; };
		D9B6CC66172334BF0008B255 /* grid.png */ = {isa = PBXFileReference; lastKnownFileType = image.png; path = grid.png; sourceTree = "<group>"; };
		D9C121DD1731AD7F00459097 /* icon_180.png */ = {isa = PBXFileReference; lastKnownFileType = image.png; path = icon_180.png; sourceTree = "<group>"; };
		D9C121DE1731AD7F00459097 /* icon_181.png */ = {isa = PBXFileReference; lastKnownFileType = image.png; path = icon_181.png; sourceTree = "<group>"; };
		D9C121DF1731AD7F00459097 /* icon_182.png */ = {isa = PBXFileReference; lastKnownFileType = image.png; path = icon_182.png; sourceTree = "<group>"; };
		D9C121E01731AD7F00459097 /* icon_183.png */ = {isa = PBXFileReference; lastKnownFileType = image.png; path = icon_183.png; sourceTree = "<group>"; };
		D9C121E11731AD7F00459097 /* icon_186.png */ = {isa = PBXFileReference; lastKnownFileType = image.png; path = icon_186.png; sourceTree = "<group>"; };
		D9C121E21731AD7F00459097 /* icon_237.png */ = {isa = PBXFileReference; lastKnownFileType = image.png; path = icon_237.png; sourceTree = "<group>"; };
		D9C121E31731AD7F00459097 /* icon_274.png */ = {isa = PBXFileReference; lastKnownFileType = image.png; path = icon_274.png; sourceTree = "<group>"; };
		D9C121E41731AD7F00459097 /* icon_275.png */ = {isa = PBXFileReference; lastKnownFileType = image.png; path = icon_275.png; sourceTree = "<group>"; };
		D9C121E51731AD7F00459097 /* icon_284.png */ = {isa = PBXFileReference; lastKnownFileType = image.png; path = icon_284.png; sourceTree = "<group>"; };
		D9C121E61731AD7F00459097 /* icon_285.png */ = {isa = PBXFileReference; lastKnownFileType = image.png; path = icon_285.png; sourceTree = "<group>"; };
		D9C121E71731AD7F00459097 /* icon_286.png */ = {isa = PBXFileReference; lastKnownFileType = image.png; path = icon_286.png; sourceTree = "<group>"; };
		D9C121E81731AD7F00459097 /* icon_289.png */ = {isa = PBXFileReference; lastKnownFileType = image.png; path = icon_289.png; sourceTree = "<group>"; };
		D9C121F51731AE1A00459097 /* icon_180@2x.png */ = {isa = PBXFileReference; lastKnownFileType = image.png; path = "icon_180@2x.png"; sourceTree = "<group>"; };
		D9C121F61731AE1A00459097 /* icon_181@2x.png */ = {isa = PBXFileReference; lastKnownFileType = image.png; path = "icon_181@2x.png"; sourceTree = "<group>"; };
		D9C121F71731AE1A00459097 /* icon_182@2x.png */ = {isa = PBXFileReference; lastKnownFileType = image.png; path = "icon_182@2x.png"; sourceTree = "<group>"; };
		D9C121F81731AE1A00459097 /* icon_183@2x.png */ = {isa = PBXFileReference; lastKnownFileType = image.png; path = "icon_183@2x.png"; sourceTree = "<group>"; };
		D9C121F91731AE1A00459097 /* icon_186@2x.png */ = {isa = PBXFileReference; lastKnownFileType = image.png; path = "icon_186@2x.png"; sourceTree = "<group>"; };
		D9C121FA1731AE1A00459097 /* icon_237@2x.png */ = {isa = PBXFileReference; lastKnownFileType = image.png; path = "icon_237@2x.png"; sourceTree = "<group>"; };
		D9C121FB1731AE1A00459097 /* icon_274@2x.png */ = {isa = PBXFileReference; lastKnownFileType = image.png; path = "icon_274@2x.png"; sourceTree = "<group>"; };
		D9C121FC1731AE1A00459097 /* icon_275@2x.png */ = {isa = PBXFileReference; lastKnownFileType = image.png; path = "icon_275@2x.png"; sourceTree = "<group>"; };
		D9C121FD1731AE1A00459097 /* icon_284@2x.png */ = {isa = PBXFileReference; lastKnownFileType = image.png; path = "icon_284@2x.png"; sourceTree = "<group>"; };
		D9C121FE1731AE1A00459097 /* icon_285@2x.png */ = {isa = PBXFileReference; lastKnownFileType = image.png; path = "icon_285@2x.png"; sourceTree = "<group>"; };
		D9C121FF1731AE1A00459097 /* icon_286@2x.png */ = {isa = PBXFileReference; lastKnownFileType = image.png; path = "icon_286@2x.png"; sourceTree = "<group>"; };
		D9C122001731AE1A00459097 /* icon_289@2x.png */ = {isa = PBXFileReference; lastKnownFileType = image.png; path = "icon_289@2x.png"; sourceTree = "<group>"; };
		D9C1220D1731C1E500459097 /* icon_222.png */ = {isa = PBXFileReference; lastKnownFileType = image.png; path = icon_222.png; sourceTree = "<group>"; };
		D9C1220E1731C1E500459097 /* icon_223.png */ = {isa = PBXFileReference; lastKnownFileType = image.png; path = icon_223.png; sourceTree = "<group>"; };
		D9C122111731C21300459097 /* icon_222@2x.png */ = {isa = PBXFileReference; lastKnownFileType = image.png; path = "icon_222@2x.png"; sourceTree = "<group>"; };
		D9C122121731C21300459097 /* icon_223@2x.png */ = {isa = PBXFileReference; lastKnownFileType = image.png; path = "icon_223@2x.png"; sourceTree = "<group>"; };
		D9C1221517358DCA00459097 /* icon_180green.png */ = {isa = PBXFileReference; lastKnownFileType = image.png; path = icon_180green.png; sourceTree = "<group>"; };
		D9C1221617358DCA00459097 /* icon_180green@2x.png */ = {isa = PBXFileReference; lastKnownFileType = image.png; path = "icon_180green@2x.png"; sourceTree = "<group>"; };
		F20AD769172E6C9F0091D117 /* searchCell.xib */ = {isa = PBXFileReference; fileEncoding = 4; lastKnownFileType = file.xib; path = searchCell.xib; sourceTree = "<group>"; };
		F20B325C16D0094C00B70559 /* CommonExpensesApp.app */ = {isa = PBXFileReference; explicitFileType = wrapper.application; includeInIndex = 0; path = CommonExpensesApp.app; sourceTree = BUILT_PRODUCTS_DIR; };
		F20B325F16D0094C00B70559 /* UIKit.framework */ = {isa = PBXFileReference; lastKnownFileType = wrapper.framework; name = UIKit.framework; path = System/Library/Frameworks/UIKit.framework; sourceTree = SDKROOT; };
		F20B326116D0094C00B70559 /* Foundation.framework */ = {isa = PBXFileReference; lastKnownFileType = wrapper.framework; name = Foundation.framework; path = System/Library/Frameworks/Foundation.framework; sourceTree = SDKROOT; };
		F20B326316D0094C00B70559 /* CoreGraphics.framework */ = {isa = PBXFileReference; lastKnownFileType = wrapper.framework; name = CoreGraphics.framework; path = System/Library/Frameworks/CoreGraphics.framework; sourceTree = SDKROOT; };
		F20B326516D0094C00B70559 /* CoreData.framework */ = {isa = PBXFileReference; lastKnownFileType = wrapper.framework; name = CoreData.framework; path = System/Library/Frameworks/CoreData.framework; sourceTree = SDKROOT; };
		F20B326916D0094C00B70559 /* CommonExpensesApp-Info.plist */ = {isa = PBXFileReference; lastKnownFileType = text.plist.xml; path = "CommonExpensesApp-Info.plist"; sourceTree = "<group>"; };
		F20B326B16D0094C00B70559 /* en */ = {isa = PBXFileReference; lastKnownFileType = text.plist.strings; name = en; path = en.lproj/InfoPlist.strings; sourceTree = "<group>"; };
		F20B326D16D0094C00B70559 /* main.m */ = {isa = PBXFileReference; lastKnownFileType = sourcecode.c.objc; path = main.m; sourceTree = "<group>"; };
		F20B326F16D0094C00B70559 /* CommonExpensesApp-Prefix.pch */ = {isa = PBXFileReference; lastKnownFileType = sourcecode.c.h; path = "CommonExpensesApp-Prefix.pch"; sourceTree = "<group>"; };
		F20B327016D0094C00B70559 /* CEAppDelegate.h */ = {isa = PBXFileReference; lastKnownFileType = sourcecode.c.h; path = CEAppDelegate.h; sourceTree = "<group>"; };
		F20B327116D0094C00B70559 /* CEAppDelegate.m */ = {isa = PBXFileReference; lastKnownFileType = sourcecode.c.objc; path = CEAppDelegate.m; sourceTree = "<group>"; };
		F20B327316D0094C00B70559 /* Default.png */ = {isa = PBXFileReference; lastKnownFileType = image.png; path = Default.png; sourceTree = "<group>"; };
		F20B327516D0094C00B70559 /* Default@2x.png */ = {isa = PBXFileReference; lastKnownFileType = image.png; path = "Default@2x.png"; sourceTree = "<group>"; };
		F20B327716D0094C00B70559 /* Default-568h@2x.png */ = {isa = PBXFileReference; lastKnownFileType = image.png; path = "Default-568h@2x.png"; sourceTree = "<group>"; };
		F20B327A16D0094C00B70559 /* CommonExpensesApp.xcdatamodel */ = {isa = PBXFileReference; lastKnownFileType = wrapper.xcdatamodel; path = CommonExpensesApp.xcdatamodel; sourceTree = "<group>"; };
		F21625BF16F4F85200324637 /* Friend.h */ = {isa = PBXFileReference; fileEncoding = 4; lastKnownFileType = sourcecode.c.h; path = Friend.h; sourceTree = "<group>"; };
		F21625C016F4F85200324637 /* Friend.m */ = {isa = PBXFileReference; fileEncoding = 4; lastKnownFileType = sourcecode.c.objc; path = Friend.m; sourceTree = "<group>"; };
		F21625C316F5D62900324637 /* MFSideMenu.h */ = {isa = PBXFileReference; fileEncoding = 4; lastKnownFileType = sourcecode.c.h; path = MFSideMenu.h; sourceTree = "<group>"; };
		F21625C416F5D62900324637 /* MFSideMenu.m */ = {isa = PBXFileReference; fileEncoding = 4; lastKnownFileType = sourcecode.c.objc; path = MFSideMenu.m; sourceTree = "<group>"; };
		F21625C516F5D62900324637 /* UINavigationController+MFSideMenu.h */ = {isa = PBXFileReference; fileEncoding = 4; lastKnownFileType = sourcecode.c.h; path = "UINavigationController+MFSideMenu.h"; sourceTree = "<group>"; };
		F21625C616F5D62900324637 /* UINavigationController+MFSideMenu.m */ = {isa = PBXFileReference; fileEncoding = 4; lastKnownFileType = sourcecode.c.objc; path = "UINavigationController+MFSideMenu.m"; sourceTree = "<group>"; };
		F21625C916F6004500324637 /* CESettingsViewController.h */ = {isa = PBXFileReference; fileEncoding = 4; lastKnownFileType = sourcecode.c.h; path = CESettingsViewController.h; sourceTree = "<group>"; };
		F21625CA16F6004600324637 /* CESettingsViewController.m */ = {isa = PBXFileReference; fileEncoding = 4; lastKnownFileType = sourcecode.c.objc; path = CESettingsViewController.m; sourceTree = "<group>"; };
		F22A03BE1723EBC9000D0EFB /* CEPasswordResetViewController.h */ = {isa = PBXFileReference; fileEncoding = 4; lastKnownFileType = sourcecode.c.h; path = CEPasswordResetViewController.h; sourceTree = "<group>"; };
		F22A03BF1723EBC9000D0EFB /* CEPasswordResetViewController.m */ = {isa = PBXFileReference; fileEncoding = 4; lastKnownFileType = sourcecode.c.objc; path = CEPasswordResetViewController.m; sourceTree = "<group>"; };
		F2364AFD172811F500257196 /* dropdown_bg.png */ = {isa = PBXFileReference; lastKnownFileType = image.png; path = dropdown_bg.png; sourceTree = "<group>"; };
		F2364AFE172811F500257196 /* dropdown_bg@2x.png */ = {isa = PBXFileReference; lastKnownFileType = image.png; path = "dropdown_bg@2x.png"; sourceTree = "<group>"; };
		F2364AFF172811F500257196 /* LHDropDownControlView.h */ = {isa = PBXFileReference; fileEncoding = 4; lastKnownFileType = sourcecode.c.h; path = LHDropDownControlView.h; sourceTree = "<group>"; };
		F2364B00172811F500257196 /* LHDropDownControlView.m */ = {isa = PBXFileReference; fileEncoding = 4; lastKnownFileType = sourcecode.c.objc; path = LHDropDownControlView.m; sourceTree = "<group>"; };
		F2364B04172812CE00257196 /* QuartzCore.framework */ = {isa = PBXFileReference; lastKnownFileType = wrapper.framework; name = QuartzCore.framework; path = System/Library/Frameworks/QuartzCore.framework; sourceTree = SDKROOT; };
		F2364B131729314D00257196 /* arrow.png */ = {isa = PBXFileReference; lastKnownFileType = image.png; name = arrow.png; path = CommonExpensesApp/arrow.png; sourceTree = "<group>"; };
		F2513543170997A400800E55 /* HistoryRecord.h */ = {isa = PBXFileReference; fileEncoding = 4; lastKnownFileType = sourcecode.c.h; path = HistoryRecord.h; sourceTree = "<group>"; };
		F2513544170997A400800E55 /* HistoryRecord.m */ = {isa = PBXFileReference; fileEncoding = 4; lastKnownFileType = sourcecode.c.objc; path = HistoryRecord.m; sourceTree = "<group>"; };
		F25E136216DFAB1E0086DE2B /* CELogin.h */ = {isa = PBXFileReference; fileEncoding = 4; lastKnownFileType = sourcecode.c.h; path = CELogin.h; sourceTree = "<group>"; };
		F25E136316DFAB1E0086DE2B /* CELogin.m */ = {isa = PBXFileReference; fileEncoding = 4; lastKnownFileType = sourcecode.c.objc; path = CELogin.m; sourceTree = "<group>"; };
		F25E136516DFB15C0086DE2B /* CERequestHandler.h */ = {isa = PBXFileReference; fileEncoding = 4; lastKnownFileType = sourcecode.c.h; path = CERequestHandler.h; sourceTree = "<group>"; };
		F25E136616DFB15C0086DE2B /* CERequestHandler.m */ = {isa = PBXFileReference; fileEncoding = 4; lastKnownFileType = sourcecode.c.objc; path = CERequestHandler.m; sourceTree = "<group>"; };
		F25E136816DFCFDC0086DE2B /* CEConstants.h */ = {isa = PBXFileReference; fileEncoding = 4; lastKnownFileType = sourcecode.c.h; path = CEConstants.h; sourceTree = "<group>"; };
		F25E136916DFCFDC0086DE2B /* CEConstants.m */ = {isa = PBXFileReference; fileEncoding = 4; lastKnownFileType = sourcecode.c.objc; path = CEConstants.m; sourceTree = "<group>"; };
		F26293CB16F4E5A6002E0933 /* CESelfStatisticsViewController.h */ = {isa = PBXFileReference; fileEncoding = 4; lastKnownFileType = sourcecode.c.h; path = CESelfStatisticsViewController.h; sourceTree = "<group>"; };
		F26293CC16F4E5A6002E0933 /* CESelfStatisticsViewController.m */ = {isa = PBXFileReference; fileEncoding = 4; lastKnownFileType = sourcecode.c.objc; path = CESelfStatisticsViewController.m; sourceTree = "<group>"; };
		F26CFAB6172E7D6A007DA4FC /* CESearchViewController.h */ = {isa = PBXFileReference; fileEncoding = 4; lastKnownFileType = sourcecode.c.h; name = CESearchViewController.h; path = ../CESearchViewController.h; sourceTree = "<group>"; };
		F26CFAB7172E7D6A007DA4FC /* CESearchViewController.m */ = {isa = PBXFileReference; fileEncoding = 4; lastKnownFileType = sourcecode.c.objc; name = CESearchViewController.m; path = ../CESearchViewController.m; sourceTree = "<group>"; };
		F26CFAB9172E7F4A007DA4FC /* clear.xib */ = {isa = PBXFileReference; fileEncoding = 4; lastKnownFileType = file.xib; path = clear.xib; sourceTree = "<group>"; };
		F2720FE81704A48E00A16090 /* addDataCell.xib */ = {isa = PBXFileReference; fileEncoding = 4; lastKnownFileType = file.xib; path = addDataCell.xib; sourceTree = "<group>"; };
		F286CE1D16EE366400E7FBEC /* CEHomeViewController.h */ = {isa = PBXFileReference; fileEncoding = 4; lastKnownFileType = sourcecode.c.h; path = CEHomeViewController.h; sourceTree = "<group>"; };
		F286CE1E16EE366400E7FBEC /* CEHomeViewController.m */ = {isa = PBXFileReference; fileEncoding = 4; lastKnownFileType = sourcecode.c.objc; path = CEHomeViewController.m; sourceTree = "<group>"; };
		F286CE2016F0ED3E00E7FBEC /* SideMenuViewController.h */ = {isa = PBXFileReference; fileEncoding = 4; lastKnownFileType = sourcecode.c.h; name = SideMenuViewController.h; path = ../SideMenuViewController.h; sourceTree = "<group>"; };
		F286CE2116F0ED3E00E7FBEC /* SideMenuViewController.m */ = {isa = PBXFileReference; fileEncoding = 4; lastKnownFileType = sourcecode.c.objc; name = SideMenuViewController.m; path = ../SideMenuViewController.m; sourceTree = "<group>"; };
		F286CE5B16F111E600E7FBEC /* back-arrow.png */ = {isa = PBXFileReference; lastKnownFileType = image.png; path = "back-arrow.png"; sourceTree = "<group>"; };
		F286CE5C16F111E600E7FBEC /* back-arrow@2x.png */ = {isa = PBXFileReference; lastKnownFileType = image.png; path = "back-arrow@2x.png"; sourceTree = "<group>"; };
		F286CE5D16F111E600E7FBEC /* Default-568h@2x.png */ = {isa = PBXFileReference; lastKnownFileType = image.png; path = "Default-568h@2x.png"; sourceTree = "<group>"; };
		F286CE5E16F111E600E7FBEC /* menu-icon.png */ = {isa = PBXFileReference; lastKnownFileType = image.png; path = "menu-icon.png"; sourceTree = "<group>"; };
		F286CE5F16F111E600E7FBEC /* menu-icon@2x.png */ = {isa = PBXFileReference; lastKnownFileType = image.png; path = "menu-icon@2x.png"; sourceTree = "<group>"; };
		F286CE7B16F1E29400E7FBEC /* UserSettings.h */ = {isa = PBXFileReference; fileEncoding = 4; lastKnownFileType = sourcecode.c.h; path = UserSettings.h; sourceTree = "<group>"; };
		F286CE7C16F1E29400E7FBEC /* UserSettings.m */ = {isa = PBXFileReference; fileEncoding = 4; lastKnownFileType = sourcecode.c.objc; path = UserSettings.m; sourceTree = "<group>"; };
		F286CE7E16F1E29400E7FBEC /* StartupInfo.h */ = {isa = PBXFileReference; fileEncoding = 4; lastKnownFileType = sourcecode.c.h; path = StartupInfo.h; sourceTree = "<group>"; };
		F286CE7F16F1E29400E7FBEC /* StartupInfo.m */ = {isa = PBXFileReference; fileEncoding = 4; lastKnownFileType = sourcecode.c.objc; path = StartupInfo.m; sourceTree = "<group>"; };
		F286CE8716F1E29400E7FBEC /* User.h */ = {isa = PBXFileReference; fileEncoding = 4; lastKnownFileType = sourcecode.c.h; path = User.h; sourceTree = "<group>"; };
		F286CE8816F1E29400E7FBEC /* User.m */ = {isa = PBXFileReference; fileEncoding = 4; lastKnownFileType = sourcecode.c.objc; path = User.m; sourceTree = "<group>"; };
		F286CE8D16F20E0D00E7FBEC /* CEAddCircleViewController.h */ = {isa = PBXFileReference; fileEncoding = 4; lastKnownFileType = sourcecode.c.h; path = CEAddCircleViewController.h; sourceTree = "<group>"; };
		F286CE8E16F20E0D00E7FBEC /* CEAddCircleViewController.m */ = {isa = PBXFileReference; fileEncoding = 4; lastKnownFileType = sourcecode.c.objc; path = CEAddCircleViewController.m; sourceTree = "<group>"; };
		F286CE9E16F22B1A00E7FBEC /* CEUser.h */ = {isa = PBXFileReference; fileEncoding = 4; lastKnownFileType = sourcecode.c.h; path = CEUser.h; sourceTree = "<group>"; };
		F286CE9F16F22B1A00E7FBEC /* CEUser.m */ = {isa = PBXFileReference; fileEncoding = 4; lastKnownFileType = sourcecode.c.objc; path = CEUser.m; sourceTree = "<group>"; };
		F28B06EA16F71C050050145F /* CESynchManager.h */ = {isa = PBXFileReference; fileEncoding = 4; lastKnownFileType = sourcecode.c.h; path = CESynchManager.h; sourceTree = "<group>"; };
		F28B06EB16F71C050050145F /* CESynchManager.m */ = {isa = PBXFileReference; fileEncoding = 4; lastKnownFileType = sourcecode.c.objc; path = CESynchManager.m; sourceTree = "<group>"; };
		F28B9CAB16FC870C00CA6FBB /* DeletedCircles.h */ = {isa = PBXFileReference; fileEncoding = 4; lastKnownFileType = sourcecode.c.h; path = DeletedCircles.h; sourceTree = "<group>"; };
		F28B9CAC16FC870C00CA6FBB /* DeletedCircles.m */ = {isa = PBXFileReference; fileEncoding = 4; lastKnownFileType = sourcecode.c.objc; path = DeletedCircles.m; sourceTree = "<group>"; };
		F28E46F217232F7800B485CB /* FacebookSDK.framework */ = {isa = PBXFileReference; lastKnownFileType = wrapper.framework; name = FacebookSDK.framework; path = FacebookSDK/FacebookSDK.framework; sourceTree = "<group>"; };
		F28E46F417232F8500B485CB /* FacebookSDKResources.bundle */ = {isa = PBXFileReference; lastKnownFileType = "wrapper.plug-in"; name = FacebookSDKResources.bundle; path = FacebookSDK/FacebookSDK.framework/Versions/A/Resources/FacebookSDKResources.bundle; sourceTree = "<group>"; };
		F291EAD016D2B55B006C3BD6 /* Storyboard.storyboard */ = {isa = PBXFileReference; fileEncoding = 4; lastKnownFileType = file.storyboard; path = Storyboard.storyboard; sourceTree = "<group>"; };
		F291EAD216D2B5C9006C3BD6 /* CESignUp.h */ = {isa = PBXFileReference; fileEncoding = 4; lastKnownFileType = sourcecode.c.h; path = CESignUp.h; sourceTree = "<group>"; };
		F291EAD316D2B5C9006C3BD6 /* CESignUp.m */ = {isa = PBXFileReference; fileEncoding = 4; lastKnownFileType = sourcecode.c.objc; path = CESignUp.m; sourceTree = "<group>"; };
		F2956A5C16E535E8002128E6 /* CEDBConnector.h */ = {isa = PBXFileReference; fileEncoding = 4; lastKnownFileType = sourcecode.c.h; path = CEDBConnector.h; sourceTree = "<group>"; };
		F2956A5D16E535E8002128E6 /* CEDBConnector.m */ = {isa = PBXFileReference; fileEncoding = 4; lastKnownFileType = sourcecode.c.objc; path = CEDBConnector.m; sourceTree = "<group>"; };
		F2B70D4B170A0D6E00A1C76B /* CEHistoryViewController.h */ = {isa = PBXFileReference; fileEncoding = 4; lastKnownFileType = sourcecode.c.h; name = CEHistoryViewController.h; path = ../CEHistoryViewController.h; sourceTree = "<group>"; };
		F2B70D4C170A0D6E00A1C76B /* CEHistoryViewController.m */ = {isa = PBXFileReference; fileEncoding = 4; lastKnownFileType = sourcecode.c.objc; name = CEHistoryViewController.m; path = ../CEHistoryViewController.m; sourceTree = "<group>"; };
		F2BFDBFE17246EAA003BE6CA /* CEView.h */ = {isa = PBXFileReference; fileEncoding = 4; lastKnownFileType = sourcecode.c.h; path = CEView.h; sourceTree = "<group>"; };
		F2BFDBFF17246EAA003BE6CA /* CEView.m */ = {isa = PBXFileReference; fileEncoding = 4; lastKnownFileType = sourcecode.c.objc; path = CEView.m; sourceTree = "<group>"; };
		F2DA877B172D3FA700F90D7C /* CircleDefinition.h */ = {isa = PBXFileReference; fileEncoding = 4; lastKnownFileType = sourcecode.c.h; path = CircleDefinition.h; sourceTree = "<group>"; };
		F2DA877C172D3FA700F90D7C /* CircleDefinition.m */ = {isa = PBXFileReference; fileEncoding = 4; lastKnownFileType = sourcecode.c.objc; path = CircleDefinition.m; sourceTree = "<group>"; };
		F2DD80881724151C00ADFC02 /* CEKeyboardScroll.h */ = {isa = PBXFileReference; fileEncoding = 4; lastKnownFileType = sourcecode.c.h; path = CEKeyboardScroll.h; sourceTree = "<group>"; };
		F2DD80891724151C00ADFC02 /* CEKeyboardScroll.m */ = {isa = PBXFileReference; fileEncoding = 4; lastKnownFileType = sourcecode.c.objc; path = CEKeyboardScroll.m; sourceTree = "<group>"; };
		F2DD808B17244DD900ADFC02 /* CEFBHandler.h */ = {isa = PBXFileReference; fileEncoding = 4; lastKnownFileType = sourcecode.c.h; path = CEFBHandler.h; sourceTree = "<group>"; };
		F2DD808C17244DD900ADFC02 /* CEFBHandler.m */ = {isa = PBXFileReference; fileEncoding = 4; lastKnownFileType = sourcecode.c.objc; path = CEFBHandler.m; sourceTree = "<group>"; };
		F2E31A641722B12C006D36BA /* CETextField.h */ = {isa = PBXFileReference; fileEncoding = 4; lastKnownFileType = sourcecode.c.h; path = CETextField.h; sourceTree = "<group>"; };
		F2E31A651722B12C006D36BA /* CETextField.m */ = {isa = PBXFileReference; fileEncoding = 4; lastKnownFileType = sourcecode.c.objc; path = CETextField.m; sourceTree = "<group>"; };
		F2E31A6A1722BD22006D36BA /* CEButton.h */ = {isa = PBXFileReference; fileEncoding = 4; lastKnownFileType = sourcecode.c.h; path = CEButton.h; sourceTree = "<group>"; };
		F2E31A6B1722BD22006D36BA /* CEButton.m */ = {isa = PBXFileReference; fileEncoding = 4; lastKnownFileType = sourcecode.c.objc; path = CEButton.m; sourceTree = "<group>"; };
		F2E31A6D1722BDC4006D36BA /* CELabel.h */ = {isa = PBXFileReference; fileEncoding = 4; lastKnownFileType = sourcecode.c.h; path = CELabel.h; sourceTree = "<group>"; };
		F2E31A6E1722BDC4006D36BA /* CELabel.m */ = {isa = PBXFileReference; fileEncoding = 4; lastKnownFileType = sourcecode.c.objc; path = CELabel.m; sourceTree = "<group>"; };
		F2E31A7C1722D05C006D36BA /* AdSupport.framework */ = {isa = PBXFileReference; lastKnownFileType = wrapper.framework; name = AdSupport.framework; path = System/Library/Frameworks/AdSupport.framework; sourceTree = SDKROOT; };
		F2E31A7E1722D062006D36BA /* Accounts.framework */ = {isa = PBXFileReference; lastKnownFileType = wrapper.framework; name = Accounts.framework; path = System/Library/Frameworks/Accounts.framework; sourceTree = SDKROOT; };
		F2E31A801722D08A006D36BA /* libsqlite3.dylib */ = {isa = PBXFileReference; lastKnownFileType = "compiled.mach-o.dylib"; name = libsqlite3.dylib; path = usr/lib/libsqlite3.dylib; sourceTree = SDKROOT; };
		F2E31A821722D097006D36BA /* Security.framework */ = {isa = PBXFileReference; lastKnownFileType = wrapper.framework; name = Security.framework; path = System/Library/Frameworks/Security.framework; sourceTree = SDKROOT; };
		F2E31A841722D0A1006D36BA /* Social.framework */ = {isa = PBXFileReference; lastKnownFileType = wrapper.framework; name = Social.framework; path = System/Library/Frameworks/Social.framework; sourceTree = SDKROOT; };
		F2F422E816E3B49900D55906 /* KeyboardBar.h */ = {isa = PBXFileReference; fileEncoding = 4; lastKnownFileType = sourcecode.c.h; name = KeyboardBar.h; path = ../KeyboardBar.h; sourceTree = "<group>"; };
		F2F422E916E3B49900D55906 /* KeyboardBar.m */ = {isa = PBXFileReference; fileEncoding = 4; lastKnownFileType = sourcecode.c.objc; name = KeyboardBar.m; path = ../KeyboardBar.m; sourceTree = "<group>"; };
		F2FB90E91704A851009CD45C /* CEFriendHelper.h */ = {isa = PBXFileReference; fileEncoding = 4; lastKnownFileType = sourcecode.c.h; path = CEFriendHelper.h; sourceTree = "<group>"; };
		F2FB90EA1704A851009CD45C /* CEFriendHelper.m */ = {isa = PBXFileReference; fileEncoding = 4; lastKnownFileType = sourcecode.c.objc; path = CEFriendHelper.m; sourceTree = "<group>"; };
		F2FF9C66172E62AC00765A59 /* profileCell.xib */ = {isa = PBXFileReference; fileEncoding = 4; lastKnownFileType = file.xib; path = profileCell.xib; sourceTree = "<group>"; };
		F2FF9C68172E652E00765A59 /* face.png */ = {isa = PBXFileReference; lastKnownFileType = image.png; path = face.png; sourceTree = "<group>"; };
/* End PBXFileReference section */

/* Begin PBXFrameworksBuildPhase section */
		F20B325916D0094C00B70559 /* Frameworks */ = {
			isa = PBXFrameworksBuildPhase;
			buildActionMask = 2147483647;
			files = (
				F2364B05172812CE00257196 /* QuartzCore.framework in Frameworks */,
				F2E31A851722D0A1006D36BA /* Social.framework in Frameworks */,
				F2E31A831722D097006D36BA /* Security.framework in Frameworks */,
				F2E31A811722D08A006D36BA /* libsqlite3.dylib in Frameworks */,
				F2E31A7F1722D062006D36BA /* Accounts.framework in Frameworks */,
				F2E31A7D1722D05C006D36BA /* AdSupport.framework in Frameworks */,
				F20B326016D0094C00B70559 /* UIKit.framework in Frameworks */,
				F20B326216D0094C00B70559 /* Foundation.framework in Frameworks */,
				F20B326416D0094C00B70559 /* CoreGraphics.framework in Frameworks */,
				F20B326616D0094C00B70559 /* CoreData.framework in Frameworks */,
				F28E46F317232F7800B485CB /* FacebookSDK.framework in Frameworks */,
			);
			runOnlyForDeploymentPostprocessing = 0;
		};
/* End PBXFrameworksBuildPhase section */

/* Begin PBXGroup section */
		D94ECE421701A481006EB9F0 /* artwork */ = {
			isa = PBXGroup;
			children = (
				D9C1221517358DCA00459097 /* icon_180green.png */,
				D9C1221617358DCA00459097 /* icon_180green@2x.png */,
				F2364B131729314D00257196 /* arrow.png */,
				D9C122111731C21300459097 /* icon_222@2x.png */,
				D9C122121731C21300459097 /* icon_223@2x.png */,
				D9C1220D1731C1E500459097 /* icon_222.png */,
				D9C1220E1731C1E500459097 /* icon_223.png */,
				D9C121F51731AE1A00459097 /* icon_180@2x.png */,
				D9C121F61731AE1A00459097 /* icon_181@2x.png */,
				D9C121F71731AE1A00459097 /* icon_182@2x.png */,
				D9C121F81731AE1A00459097 /* icon_183@2x.png */,
				D9C121F91731AE1A00459097 /* icon_186@2x.png */,
				D9C121FA1731AE1A00459097 /* icon_237@2x.png */,
				D9C121FB1731AE1A00459097 /* icon_274@2x.png */,
				D9C121FC1731AE1A00459097 /* icon_275@2x.png */,
				D9C121FD1731AE1A00459097 /* icon_284@2x.png */,
				D9C121FE1731AE1A00459097 /* icon_285@2x.png */,
				D9C121FF1731AE1A00459097 /* icon_286@2x.png */,
				D9C122001731AE1A00459097 /* icon_289@2x.png */,
				D9C121DD1731AD7F00459097 /* icon_180.png */,
				D9C121DE1731AD7F00459097 /* icon_181.png */,
				D9C121DF1731AD7F00459097 /* icon_182.png */,
				D9C121E01731AD7F00459097 /* icon_183.png */,
				D9C121E11731AD7F00459097 /* icon_186.png */,
				D9C121E21731AD7F00459097 /* icon_237.png */,
				D9C121E31731AD7F00459097 /* icon_274.png */,
				D9C121E41731AD7F00459097 /* icon_275.png */,
				D9C121E51731AD7F00459097 /* icon_284.png */,
				D9C121E61731AD7F00459097 /* icon_285.png */,
				D9C121E71731AD7F00459097 /* icon_286.png */,
				D9C121E81731AD7F00459097 /* icon_289.png */,
				D93458EF1723E4DB00CF4158 /* dust_@2X.png */,
				D93458F01723E4DB00CF4158 /* dust.png */,
				D9B6CC65172334BF0008B255 /* grid_@2X.png */,
				D9B6CC66172334BF0008B255 /* grid.png */,
				D993D6D01723272D00B54733 /* icon_201@2x.png */,
				D993D6D11723272D00B54733 /* icon_273@2x.png */,
				D993D6D21723272D00B54733 /* icon_300@2x.png */,
				D993D6CA172326CB00B54733 /* icon_201.png */,
				D993D6CB172326CB00B54733 /* icon_273.png */,
				D993D6CC172326CB00B54733 /* icon_300.png */,
				D94ECE451701A55F006EB9F0 /* Icon-72.png */,
				D94ECE461701A55F006EB9F0 /* Icon-72@2x.png */,
				D94ECE471701A55F006EB9F0 /* Icon-Small-50.png */,
				D94ECE481701A55F006EB9F0 /* Icon-Small-50@2x.png */,
				D94ECE491701A55F006EB9F0 /* Icon-Small.png */,
				D94ECE4A1701A55F006EB9F0 /* Icon-Small@2x.png */,
				D94ECE4B1701A55F006EB9F0 /* Icon.png */,
				D94ECE4C1701A55F006EB9F0 /* Icon@2x.png */,
				D94ECE4D1701A55F006EB9F0 /* iTunesArtwork.png */,
				D94ECE4E1701A55F006EB9F0 /* iTunesArtwork@2x.png */,
			);
			name = artwork;
			path = ..;
			sourceTree = "<group>";
		};
		F20B325316D0094C00B70559 = {
			isa = PBXGroup;
			children = (
				F20B326716D0094C00B70559 /* CommonExpensesApp */,
				F20B325E16D0094C00B70559 /* Frameworks */,
				F20B325D16D0094C00B70559 /* Products */,
			);
			sourceTree = "<group>";
		};
		F20B325D16D0094C00B70559 /* Products */ = {
			isa = PBXGroup;
			children = (
				F20B325C16D0094C00B70559 /* CommonExpensesApp.app */,
			);
			name = Products;
			sourceTree = "<group>";
		};
		F20B325E16D0094C00B70559 /* Frameworks */ = {
			isa = PBXGroup;
			children = (
				F2364B04172812CE00257196 /* QuartzCore.framework */,
				F28E46F417232F8500B485CB /* FacebookSDKResources.bundle */,
				F28E46F217232F7800B485CB /* FacebookSDK.framework */,
				F2E31A841722D0A1006D36BA /* Social.framework */,
				F2E31A821722D097006D36BA /* Security.framework */,
				F2E31A801722D08A006D36BA /* libsqlite3.dylib */,
				F2E31A7E1722D062006D36BA /* Accounts.framework */,
				F2E31A7C1722D05C006D36BA /* AdSupport.framework */,
				F20B325F16D0094C00B70559 /* UIKit.framework */,
				F20B326116D0094C00B70559 /* Foundation.framework */,
				F20B326316D0094C00B70559 /* CoreGraphics.framework */,
				F20B326516D0094C00B70559 /* CoreData.framework */,
			);
			name = Frameworks;
			sourceTree = "<group>";
		};
		F20B326716D0094C00B70559 /* CommonExpensesApp */ = {
			isa = PBXGroup;
			children = (
				F26CFAB6172E7D6A007DA4FC /* CESearchViewController.h */,
				F26CFAB7172E7D6A007DA4FC /* CESearchViewController.m */,
				F2B70D4B170A0D6E00A1C76B /* CEHistoryViewController.h */,
				F2B70D4C170A0D6E00A1C76B /* CEHistoryViewController.m */,
				F2720FE71704A46100A16090 /* history */,
				D94ECE421701A481006EB9F0 /* artwork */,
				F286CE9416F228DD00E7FBEC /* helpers */,
				F286CE9016F20E1200E7FBEC /* circleManagement */,
				F286CE6516F1E00300E7FBEC /* DAO */,
				F20B327016D0094C00B70559 /* CEAppDelegate.h */,
				F20B327116D0094C00B70559 /* CEAppDelegate.m */,
				F291EAD016D2B55B006C3BD6 /* Storyboard.storyboard */,
				F20B327916D0094C00B70559 /* CommonExpensesApp.xcdatamodeld */,
				F2BD8EF516EA02B9008DEF8A /* common */,
				F2BD8EF616EA02E1008DEF8A /* usrManagement */,
				F286CE1D16EE366400E7FBEC /* CEHomeViewController.h */,
				F286CE1E16EE366400E7FBEC /* CEHomeViewController.m */,
				F286CE2016F0ED3E00E7FBEC /* SideMenuViewController.h */,
				F286CE2116F0ED3E00E7FBEC /* SideMenuViewController.m */,
				F26293CB16F4E5A6002E0933 /* CESelfStatisticsViewController.h */,
				F26293CC16F4E5A6002E0933 /* CESelfStatisticsViewController.m */,
				F21625C916F6004500324637 /* CESettingsViewController.h */,
				F21625CA16F6004600324637 /* CESettingsViewController.m */,
				F20B326816D0094C00B70559 /* Supporting Files */,
			);
			path = CommonExpensesApp;
			sourceTree = "<group>";
		};
		F20B326816D0094C00B70559 /* Supporting Files */ = {
			isa = PBXGroup;
			children = (
				F286CE5A16F111E600E7FBEC /* Images */,
				F20B326916D0094C00B70559 /* CommonExpensesApp-Info.plist */,
				F20B326A16D0094C00B70559 /* InfoPlist.strings */,
				F20B326D16D0094C00B70559 /* main.m */,
				F20B326F16D0094C00B70559 /* CommonExpensesApp-Prefix.pch */,
				F20B327316D0094C00B70559 /* Default.png */,
				F20B327516D0094C00B70559 /* Default@2x.png */,
				F20B327716D0094C00B70559 /* Default-568h@2x.png */,
			);
			name = "Supporting Files";
			sourceTree = "<group>";
		};
		F21625C216F5D62900324637 /* MFSideMenu */ = {
			isa = PBXGroup;
			children = (
				F21625C316F5D62900324637 /* MFSideMenu.h */,
				F21625C416F5D62900324637 /* MFSideMenu.m */,
				F21625C516F5D62900324637 /* UINavigationController+MFSideMenu.h */,
				F21625C616F5D62900324637 /* UINavigationController+MFSideMenu.m */,
			);
			path = MFSideMenu;
			sourceTree = "<group>";
		};
		F2364AFC172811F400257196 /* LHDropDownControlView */ = {
			isa = PBXGroup;
			children = (
				F2364AFD172811F500257196 /* dropdown_bg.png */,
				F2364AFE172811F500257196 /* dropdown_bg@2x.png */,
				F2364AFF172811F500257196 /* LHDropDownControlView.h */,
				F2364B00172811F500257196 /* LHDropDownControlView.m */,
			);
			path = LHDropDownControlView;
			sourceTree = "<group>";
		};
		F2720FE71704A46100A16090 /* history */ = {
			isa = PBXGroup;
			children = (
				F2720FE81704A48E00A16090 /* addDataCell.xib */,
				F2FF9C66172E62AC00765A59 /* profileCell.xib */,
				F20AD769172E6C9F0091D117 /* searchCell.xib */,
				F26CFAB9172E7F4A007DA4FC /* clear.xib */,
			);
			name = history;
			sourceTree = "<group>";
		};
		F286CE5A16F111E600E7FBEC /* Images */ = {
			isa = PBXGroup;
			children = (
				F2FF9C68172E652E00765A59 /* face.png */,
				F286CE5B16F111E600E7FBEC /* back-arrow.png */,
				F286CE5C16F111E600E7FBEC /* back-arrow@2x.png */,
				F286CE5D16F111E600E7FBEC /* Default-568h@2x.png */,
				F286CE5E16F111E600E7FBEC /* menu-icon.png */,
				F286CE5F16F111E600E7FBEC /* menu-icon@2x.png */,
			);
			path = Images;
			sourceTree = "<group>";
		};
		F286CE6516F1E00300E7FBEC /* DAO */ = {
			isa = PBXGroup;
			children = (
				F2DA877B172D3FA700F90D7C /* CircleDefinition.h */,
				F2DA877C172D3FA700F90D7C /* CircleDefinition.m */,
				F2513543170997A400800E55 /* HistoryRecord.h */,
				F2513544170997A400800E55 /* HistoryRecord.m */,
				F28B9CAB16FC870C00CA6FBB /* DeletedCircles.h */,
				F28B9CAC16FC870C00CA6FBB /* DeletedCircles.m */,
				F21625BF16F4F85200324637 /* Friend.h */,
				F21625C016F4F85200324637 /* Friend.m */,
				F286CE8716F1E29400E7FBEC /* User.h */,
				F286CE8816F1E29400E7FBEC /* User.m */,
				F286CE7E16F1E29400E7FBEC /* StartupInfo.h */,
				F286CE7F16F1E29400E7FBEC /* StartupInfo.m */,
				F286CE7B16F1E29400E7FBEC /* UserSettings.h */,
				F286CE7C16F1E29400E7FBEC /* UserSettings.m */,
			);
			name = DAO;
			sourceTree = "<group>";
		};
		F286CE9016F20E1200E7FBEC /* circleManagement */ = {
			isa = PBXGroup;
			children = (
				F286CE8D16F20E0D00E7FBEC /* CEAddCircleViewController.h */,
				F286CE8E16F20E0D00E7FBEC /* CEAddCircleViewController.m */,
			);
			name = circleManagement;
			sourceTree = "<group>";
		};
		F286CE9416F228DD00E7FBEC /* helpers */ = {
			isa = PBXGroup;
			children = (
				F286CE9E16F22B1A00E7FBEC /* CEUser.h */,
				F286CE9F16F22B1A00E7FBEC /* CEUser.m */,
				F2FB90E91704A851009CD45C /* CEFriendHelper.h */,
				F2FB90EA1704A851009CD45C /* CEFriendHelper.m */,
			);
			name = helpers;
			sourceTree = "<group>";
		};
		F2BD8EF516EA02B9008DEF8A /* common */ = {
			isa = PBXGroup;
			children = (
				F2364AFC172811F400257196 /* LHDropDownControlView */,
				F2E31A631722B102006D36BA /* uiFramework */,
				F21625C216F5D62900324637 /* MFSideMenu */,
				F25E136516DFB15C0086DE2B /* CERequestHandler.h */,
				F25E136616DFB15C0086DE2B /* CERequestHandler.m */,
				F2956A5C16E535E8002128E6 /* CEDBConnector.h */,
				F2956A5D16E535E8002128E6 /* CEDBConnector.m */,
				F2F422E816E3B49900D55906 /* KeyboardBar.h */,
				F2F422E916E3B49900D55906 /* KeyboardBar.m */,
				F25E136816DFCFDC0086DE2B /* CEConstants.h */,
				F25E136916DFCFDC0086DE2B /* CEConstants.m */,
				F28B06EA16F71C050050145F /* CESynchManager.h */,
				F28B06EB16F71C050050145F /* CESynchManager.m */,
				F2DD80881724151C00ADFC02 /* CEKeyboardScroll.h */,
				F2DD80891724151C00ADFC02 /* CEKeyboardScroll.m */,
			);
			name = common;
			sourceTree = "<group>";
		};
		F2BD8EF616EA02E1008DEF8A /* usrManagement */ = {
			isa = PBXGroup;
			children = (
				F291EAD216D2B5C9006C3BD6 /* CESignUp.h */,
				F291EAD316D2B5C9006C3BD6 /* CESignUp.m */,
				F25E136216DFAB1E0086DE2B /* CELogin.h */,
				F25E136316DFAB1E0086DE2B /* CELogin.m */,
				D923B0C51721D4A000E7A34C /* CEStartPageViewController.h */,
				D923B0C61721D4A000E7A34C /* CEStartPageViewController.m */,
				F22A03BE1723EBC9000D0EFB /* CEPasswordResetViewController.h */,
				F22A03BF1723EBC9000D0EFB /* CEPasswordResetViewController.m */,
				F2DD808B17244DD900ADFC02 /* CEFBHandler.h */,
				F2DD808C17244DD900ADFC02 /* CEFBHandler.m */,
			);
			name = usrManagement;
			sourceTree = "<group>";
		};
		F2E31A631722B102006D36BA /* uiFramework */ = {
			isa = PBXGroup;
			children = (
				F2E31A641722B12C006D36BA /* CETextField.h */,
				F2E31A651722B12C006D36BA /* CETextField.m */,
				F2E31A6A1722BD22006D36BA /* CEButton.h */,
				F2E31A6B1722BD22006D36BA /* CEButton.m */,
				F2E31A6D1722BDC4006D36BA /* CELabel.h */,
				F2E31A6E1722BDC4006D36BA /* CELabel.m */,
				F2BFDBFE17246EAA003BE6CA /* CEView.h */,
				F2BFDBFF17246EAA003BE6CA /* CEView.m */,
			);
			name = uiFramework;
			sourceTree = "<group>";
		};
/* End PBXGroup section */

/* Begin PBXNativeTarget section */
		F20B325B16D0094C00B70559 /* CommonExpensesApp */ = {
			isa = PBXNativeTarget;
			buildConfigurationList = F20B327E16D0094C00B70559 /* Build configuration list for PBXNativeTarget "CommonExpensesApp" */;
			buildPhases = (
				F20B325816D0094C00B70559 /* Sources */,
				F20B325916D0094C00B70559 /* Frameworks */,
				F20B325A16D0094C00B70559 /* Resources */,
			);
			buildRules = (
			);
			dependencies = (
			);
			name = CommonExpensesApp;
			productName = CommonExpensesApp;
			productReference = F20B325C16D0094C00B70559 /* CommonExpensesApp.app */;
			productType = "com.apple.product-type.application";
		};
/* End PBXNativeTarget section */

/* Begin PBXProject section */
		F20B325416D0094C00B70559 /* Project object */ = {
			isa = PBXProject;
			attributes = {
				CLASSPREFIX = CE;
				LastUpgradeCheck = 0460;
				ORGANIZATIONNAME = "Vesela Popova";
			};
			buildConfigurationList = F20B325716D0094C00B70559 /* Build configuration list for PBXProject "CommonExpensesApp" */;
			compatibilityVersion = "Xcode 3.2";
			developmentRegion = English;
			hasScannedForEncodings = 0;
			knownRegions = (
				en,
			);
			mainGroup = F20B325316D0094C00B70559;
			productRefGroup = F20B325D16D0094C00B70559 /* Products */;
			projectDirPath = "";
			projectRoot = "";
			targets = (
				F20B325B16D0094C00B70559 /* CommonExpensesApp */,
			);
		};
/* End PBXProject section */

/* Begin PBXResourcesBuildPhase section */
		F20B325A16D0094C00B70559 /* Resources */ = {
			isa = PBXResourcesBuildPhase;
			buildActionMask = 2147483647;
			files = (
				F20B326C16D0094C00B70559 /* InfoPlist.strings in Resources */,
				F20B327416D0094C00B70559 /* Default.png in Resources */,
				F20B327616D0094C00B70559 /* Default@2x.png in Resources */,
				F291EAD116D2B55B006C3BD6 /* Storyboard.storyboard in Resources */,
				F286CE6016F111E600E7FBEC /* back-arrow.png in Resources */,
				F286CE6116F111E600E7FBEC /* back-arrow@2x.png in Resources */,
				F286CE6216F111E600E7FBEC /* Default-568h@2x.png in Resources */,
				F286CE6316F111E600E7FBEC /* menu-icon.png in Resources */,
				F286CE6416F111E600E7FBEC /* menu-icon@2x.png in Resources */,
				D94ECE4F1701A55F006EB9F0 /* Icon-72.png in Resources */,
				D94ECE501701A55F006EB9F0 /* Icon-72@2x.png in Resources */,
				D94ECE511701A55F006EB9F0 /* Icon-Small-50.png in Resources */,
				D94ECE521701A55F006EB9F0 /* Icon-Small-50@2x.png in Resources */,
				D94ECE531701A55F006EB9F0 /* Icon-Small.png in Resources */,
				D94ECE541701A55F006EB9F0 /* Icon-Small@2x.png in Resources */,
				D94ECE551701A55F006EB9F0 /* Icon.png in Resources */,
				D94ECE561701A55F006EB9F0 /* Icon@2x.png in Resources */,
				D94ECE571701A55F006EB9F0 /* iTunesArtwork.png in Resources */,
				D94ECE581701A55F006EB9F0 /* iTunesArtwork@2x.png in Resources */,
				F2720FE91704A48E00A16090 /* addDataCell.xib in Resources */,
				D993D6CD172326CB00B54733 /* icon_201.png in Resources */,
				D993D6CE172326CB00B54733 /* icon_273.png in Resources */,
				D993D6CF172326CB00B54733 /* icon_300.png in Resources */,
				D993D6D31723272D00B54733 /* icon_201@2x.png in Resources */,
				D993D6D41723272D00B54733 /* icon_273@2x.png in Resources */,
				D993D6D51723272D00B54733 /* icon_300@2x.png in Resources */,
				F28E46F517232F8500B485CB /* FacebookSDKResources.bundle in Resources */,
				D9B6CC67172334BF0008B255 /* grid_@2X.png in Resources */,
				D9B6CC68172334BF0008B255 /* grid.png in Resources */,
				D93458F11723E4DB00CF4158 /* dust_@2X.png in Resources */,
				D93458F21723E4DB00CF4158 /* dust.png in Resources */,
				F2364B01172811F500257196 /* dropdown_bg.png in Resources */,
				F2364B02172811F500257196 /* dropdown_bg@2x.png in Resources */,
				F2364B141729314D00257196 /* arrow.png in Resources */,
				F2FF9C67172E62AC00765A59 /* profileCell.xib in Resources */,
				F2FF9C69172E652E00765A59 /* face.png in Resources */,
				F20AD76A172E6C9F0091D117 /* searchCell.xib in Resources */,
				F26CFABA172E7F4A007DA4FC /* clear.xib in Resources */,
				D9C121E91731AD7F00459097 /* icon_180.png in Resources */,
				D9C121EA1731AD7F00459097 /* icon_181.png in Resources */,
				D9C121EB1731AD7F00459097 /* icon_182.png in Resources */,
				D9C121EC1731AD7F00459097 /* icon_183.png in Resources */,
				D9C121ED1731AD7F00459097 /* icon_186.png in Resources */,
				D9C121EE1731AD7F00459097 /* icon_237.png in Resources */,
				D9C121EF1731AD7F00459097 /* icon_274.png in Resources */,
				D9C121F01731AD7F00459097 /* icon_275.png in Resources */,
				D9C121F11731AD7F00459097 /* icon_284.png in Resources */,
				D9C121F21731AD7F00459097 /* icon_285.png in Resources */,
				D9C121F31731AD7F00459097 /* icon_286.png in Resources */,
				D9C121F41731AD7F00459097 /* icon_289.png in Resources */,
				D9C122011731AE1A00459097 /* icon_180@2x.png in Resources */,
				D9C122021731AE1A00459097 /* icon_181@2x.png in Resources */,
				D9C122031731AE1A00459097 /* icon_182@2x.png in Resources */,
				D9C122041731AE1A00459097 /* icon_183@2x.png in Resources */,
				D9C122051731AE1A00459097 /* icon_186@2x.png in Resources */,
				D9C122061731AE1A00459097 /* icon_237@2x.png in Resources */,
				D9C122071731AE1A00459097 /* icon_274@2x.png in Resources */,
				D9C122081731AE1A00459097 /* icon_275@2x.png in Resources */,
				D9C122091731AE1A00459097 /* icon_284@2x.png in Resources */,
				D9C1220A1731AE1A00459097 /* icon_285@2x.png in Resources */,
				D9C1220B1731AE1A00459097 /* icon_286@2x.png in Resources */,
				D9C1220C1731AE1A00459097 /* icon_289@2x.png in Resources */,
				D9C1220F1731C1E500459097 /* icon_222.png in Resources */,
				D9C122101731C1E500459097 /* icon_223.png in Resources */,
				D9C122131731C21300459097 /* icon_222@2x.png in Resources */,
				D9C122141731C21300459097 /* icon_223@2x.png in Resources */,
				D9C1221717358DCA00459097 /* icon_180green.png in Resources */,
				D9C1221817358DCA00459097 /* icon_180green@2x.png in Resources */,
			);
			runOnlyForDeploymentPostprocessing = 0;
		};
/* End PBXResourcesBuildPhase section */

/* Begin PBXSourcesBuildPhase section */
		F20B325816D0094C00B70559 /* Sources */ = {
			isa = PBXSourcesBuildPhase;
			buildActionMask = 2147483647;
			files = (
				F20B326E16D0094C00B70559 /* main.m in Sources */,
				F20B327216D0094C00B70559 /* CEAppDelegate.m in Sources */,
				F20B327B16D0094C00B70559 /* CommonExpensesApp.xcdatamodeld in Sources */,
				F291EAD416D2B5C9006C3BD6 /* CESignUp.m in Sources */,
				F25E136416DFAB1E0086DE2B /* CELogin.m in Sources */,
				F25E136716DFB15C0086DE2B /* CERequestHandler.m in Sources */,
				F25E136A16DFCFDC0086DE2B /* CEConstants.m in Sources */,
				F2F422EA16E3B49900D55906 /* KeyboardBar.m in Sources */,
				F2956A5E16E535E8002128E6 /* CEDBConnector.m in Sources */,
				F286CE1F16EE366400E7FBEC /* CEHomeViewController.m in Sources */,
				F286CE2216F0ED3E00E7FBEC /* SideMenuViewController.m in Sources */,
				F286CE7D16F1E29400E7FBEC /* UserSettings.m in Sources */,
				F286CE8016F1E29400E7FBEC /* StartupInfo.m in Sources */,
				F286CE8916F1E29400E7FBEC /* User.m in Sources */,
				F286CE8F16F20E0E00E7FBEC /* CEAddCircleViewController.m in Sources */,
				F286CEA016F22B1A00E7FBEC /* CEUser.m in Sources */,
				F26293CD16F4E5A6002E0933 /* CESelfStatisticsViewController.m in Sources */,
				F21625C116F4F85200324637 /* Friend.m in Sources */,
				F21625C716F5D62900324637 /* MFSideMenu.m in Sources */,
				F21625C816F5D62900324637 /* UINavigationController+MFSideMenu.m in Sources */,
				F21625CB16F6004600324637 /* CESettingsViewController.m in Sources */,
				F28B06EC16F71C050050145F /* CESynchManager.m in Sources */,
				F28B9CAD16FC870C00CA6FBB /* DeletedCircles.m in Sources */,
				F2FB90EB1704A851009CD45C /* CEFriendHelper.m in Sources */,
				F2513545170997A400800E55 /* HistoryRecord.m in Sources */,
				F2B70D4D170A0D6E00A1C76B /* CEHistoryViewController.m in Sources */,
				D923B0C71721D4A000E7A34C /* CEStartPageViewController.m in Sources */,
				F2E31A661722B12C006D36BA /* CETextField.m in Sources */,
				F2E31A6C1722BD22006D36BA /* CEButton.m in Sources */,
				F2E31A6F1722BDC5006D36BA /* CELabel.m in Sources */,
				F22A03C01723EBC9000D0EFB /* CEPasswordResetViewController.m in Sources */,
				F2DD808A1724151C00ADFC02 /* CEKeyboardScroll.m in Sources */,
				F2DD808D17244DD900ADFC02 /* CEFBHandler.m in Sources */,
				F2BFDC0017246EAA003BE6CA /* CEView.m in Sources */,
				F2364B03172811F500257196 /* LHDropDownControlView.m in Sources */,
				F2DA877D172D3FA700F90D7C /* CircleDefinition.m in Sources */,
				F26CFAB8172E7D6A007DA4FC /* CESearchViewController.m in Sources */,
			);
			runOnlyForDeploymentPostprocessing = 0;
		};
/* End PBXSourcesBuildPhase section */

/* Begin PBXVariantGroup section */
		F20B326A16D0094C00B70559 /* InfoPlist.strings */ = {
			isa = PBXVariantGroup;
			children = (
				F20B326B16D0094C00B70559 /* en */,
			);
			name = InfoPlist.strings;
			sourceTree = "<group>";
		};
/* End PBXVariantGroup section */

/* Begin XCBuildConfiguration section */
		F20B327C16D0094C00B70559 /* Debug */ = {
			isa = XCBuildConfiguration;
			buildSettings = {
				ALWAYS_SEARCH_USER_PATHS = NO;
				CLANG_CXX_LANGUAGE_STANDARD = "gnu++0x";
				CLANG_CXX_LIBRARY = "libc++";
				CLANG_ENABLE_OBJC_ARC = YES;
				CLANG_WARN_CONSTANT_CONVERSION = YES;
				CLANG_WARN_EMPTY_BODY = YES;
				CLANG_WARN_ENUM_CONVERSION = YES;
				CLANG_WARN_INT_CONVERSION = YES;
				CLANG_WARN__DUPLICATE_METHOD_MATCH = YES;
				"CODE_SIGN_IDENTITY[sdk=iphoneos*]" = "iPhone Developer";
				COPY_PHASE_STRIP = NO;
				GCC_C_LANGUAGE_STANDARD = gnu99;
				GCC_DYNAMIC_NO_PIC = NO;
				GCC_OPTIMIZATION_LEVEL = 0;
				GCC_PREPROCESSOR_DEFINITIONS = (
					"DEBUG=1",
					"$(inherited)",
				);
				GCC_SYMBOLS_PRIVATE_EXTERN = NO;
				GCC_WARN_ABOUT_RETURN_TYPE = YES;
				GCC_WARN_UNINITIALIZED_AUTOS = YES;
				GCC_WARN_UNUSED_VARIABLE = YES;
				IPHONEOS_DEPLOYMENT_TARGET = 6.1;
				ONLY_ACTIVE_ARCH = YES;
				SDKROOT = iphoneos;
			};
			name = Debug;
		};
		F20B327D16D0094C00B70559 /* Release */ = {
			isa = XCBuildConfiguration;
			buildSettings = {
				ALWAYS_SEARCH_USER_PATHS = NO;
				CLANG_CXX_LANGUAGE_STANDARD = "gnu++0x";
				CLANG_CXX_LIBRARY = "libc++";
				CLANG_ENABLE_OBJC_ARC = YES;
				CLANG_WARN_CONSTANT_CONVERSION = YES;
				CLANG_WARN_EMPTY_BODY = YES;
				CLANG_WARN_ENUM_CONVERSION = YES;
				CLANG_WARN_INT_CONVERSION = YES;
				CLANG_WARN__DUPLICATE_METHOD_MATCH = YES;
				"CODE_SIGN_IDENTITY[sdk=iphoneos*]" = "iPhone Developer";
				COPY_PHASE_STRIP = YES;
				GCC_C_LANGUAGE_STANDARD = gnu99;
				GCC_WARN_ABOUT_RETURN_TYPE = YES;
				GCC_WARN_UNINITIALIZED_AUTOS = YES;
				GCC_WARN_UNUSED_VARIABLE = YES;
				IPHONEOS_DEPLOYMENT_TARGET = 6.1;
				OTHER_CFLAGS = "-DNS_BLOCK_ASSERTIONS=1";
				SDKROOT = iphoneos;
				VALIDATE_PRODUCT = YES;
			};
			name = Release;
		};
		F20B327F16D0094C00B70559 /* Debug */ = {
			isa = XCBuildConfiguration;
			buildSettings = {
				CODE_SIGN_IDENTITY = "iPhone Developer: Vesela Popova (AA86BH29NS)";
				"CODE_SIGN_IDENTITY[sdk=iphoneos*]" = "iPhone Developer: Vesela Popova (AA86BH29NS)";
				FRAMEWORK_SEARCH_PATHS = (
					"$(inherited)",
					"\"$(SRCROOT)/../../FacebookSDK\"",
					"\"$(SRCROOT)/FacebookSDK\"",
				);
				GCC_PRECOMPILE_PREFIX_HEADER = YES;
				GCC_PREFIX_HEADER = "CommonExpensesApp/CommonExpensesApp-Prefix.pch";
				INFOPLIST_FILE = "CommonExpensesApp/CommonExpensesApp-Info.plist";
				PRODUCT_NAME = "$(TARGET_NAME)";
				PROVISIONING_PROFILE = "176FF7FA-986A-4761-B29A-0C8F94C1716B";
				"PROVISIONING_PROFILE[sdk=iphoneos*]" = "176FF7FA-986A-4761-B29A-0C8F94C1716B";
				TARGETED_DEVICE_FAMILY = 1;
				WRAPPER_EXTENSION = app;
			};
			name = Debug;
		};
		F20B328016D0094C00B70559 /* Release */ = {
			isa = XCBuildConfiguration;
			buildSettings = {
				CODE_SIGN_IDENTITY = "iPhone Developer: Vesela Popova (AA86BH29NS)";
				"CODE_SIGN_IDENTITY[sdk=iphoneos*]" = "iPhone Developer: Vesela Popova (AA86BH29NS)";
				FRAMEWORK_SEARCH_PATHS = (
					"$(inherited)",
					"\"$(SRCROOT)/../../FacebookSDK\"",
					"\"$(SRCROOT)/FacebookSDK\"",
				);
				GCC_PRECOMPILE_PREFIX_HEADER = YES;
				GCC_PREFIX_HEADER = "CommonExpensesApp/CommonExpensesApp-Prefix.pch";
				INFOPLIST_FILE = "CommonExpensesApp/CommonExpensesApp-Info.plist";
				PRODUCT_NAME = "$(TARGET_NAME)";
				PROVISIONING_PROFILE = "176FF7FA-986A-4761-B29A-0C8F94C1716B";
				"PROVISIONING_PROFILE[sdk=iphoneos*]" = "176FF7FA-986A-4761-B29A-0C8F94C1716B";
				TARGETED_DEVICE_FAMILY = 1;
				WRAPPER_EXTENSION = app;
			};
			name = Release;
		};
/* End XCBuildConfiguration section */

/* Begin XCConfigurationList section */
		F20B325716D0094C00B70559 /* Build configuration list for PBXProject "CommonExpensesApp" */ = {
			isa = XCConfigurationList;
			buildConfigurations = (
				F20B327C16D0094C00B70559 /* Debug */,
				F20B327D16D0094C00B70559 /* Release */,
			);
			defaultConfigurationIsVisible = 0;
			defaultConfigurationName = Release;
		};
		F20B327E16D0094C00B70559 /* Build configuration list for PBXNativeTarget "CommonExpensesApp" */ = {
			isa = XCConfigurationList;
			buildConfigurations = (
				F20B327F16D0094C00B70559 /* Debug */,
				F20B328016D0094C00B70559 /* Release */,
			);
			defaultConfigurationIsVisible = 0;
			defaultConfigurationName = Release;
		};
/* End XCConfigurationList section */

/* Begin XCVersionGroup section */
		F20B327916D0094C00B70559 /* CommonExpensesApp.xcdatamodeld */ = {
			isa = XCVersionGroup;
			children = (
				F20B327A16D0094C00B70559 /* CommonExpensesApp.xcdatamodel */,
			);
			currentVersion = F20B327A16D0094C00B70559 /* CommonExpensesApp.xcdatamodel */;
			path = CommonExpensesApp.xcdatamodeld;
			sourceTree = "<group>";
			versionGroupType = wrapper.xcdatamodel;
		};
/* End XCVersionGroup section */
	};
	rootObject = F20B325416D0094C00B70559 /* Project object */;
}
